
Microsoft Visual Studio Solution File, Format Version 12.00
# Visual Studio 14
VisualStudioVersion = 14.0.25420.1
MinimumVisualStudioVersion = 10.0.40219.1
Project("{FAE04EC0-301F-11D3-BF4B-00C04F79EFBC}") = "Solution", "Solution\Solution.csproj", "{FAF7789A-D34A-4019-B925-F6C4B04CF613}"
EndProject
Project("{FAE04EC0-301F-11D3-BF4B-00C04F79EFBC}") = "SolutionTests", "SolutionTests\SolutionTests.csproj", "{F87A6798-FD53-4ABB-A4AD-74DEF5B30903}"
EndProject
Global
	GlobalSection(SolutionConfigurationPlatforms) = preSolution
		Debug|Any CPU = Debug|Any CPU
		Release|Any CPU = Release|Any CPU
	EndGlobalSection
	GlobalSection(ProjectConfigurationPlatforms) = postSolution
		{FAF7789A-D34A-4019-B925-F6C4B04CF613}.Debug|Any CPU.ActiveCfg = Debug|Any CPU
		{FAF7789A-D34A-4019-B925-F6C4B04CF613}.Debug|Any CPU.Build.0 = Debug|Any CPU
		{FAF7789A-D34A-4019-B925-F6C4B04CF613}.Release|Any CPU.ActiveCfg = Release|Any CPU
		{FAF7789A-D34A-4019-B925-F6C4B04CF613}.Release|Any CPU.Build.0 = Release|Any CPU
		{F87A6798-FD53-4ABB-A4AD-74DEF5B30903}.Debug|Any CPU.ActiveCfg = Debug|Any CPU
		{F87A6798-FD53-4ABB-A4AD-74DEF5B30903}.Debug|Any CPU.Build.0 = Debug|Any CPU
		{F87A6798-FD53-4ABB-A4AD-74DEF5B30903}.Release|Any CPU.ActiveCfg = Release|Any CPU
		{F87A6798-FD53-4ABB-A4AD-74DEF5B30903}.Release|Any CPU.Build.0 = Release|Any CPU
	EndGlobalSection
	GlobalSection(SolutionProperties) = preSolution
		HideSolutionNode = FALSE
	EndGlobalSection
EndGlobal
